
Microsoft Visual Studio Solution File, Format Version 12.00
# Visual Studio Version 17
VisualStudioVersion = 17.7.34031.279
MinimumVisualStudioVersion = 10.0.40219.1
Project("{FAE04EC0-301F-11D3-BF4B-00C04F79EFBC}") = "AirChair", "AirChair\AirChair.csproj", "{36963C4D-D2BE-409F-A2BC-8B536FDF0EFC}"
EndProject
Global
	GlobalSection(SolutionConfigurationPlatforms) = preSolution
		Debug|Any CPU = Debug|Any CPU
		Release|Any CPU = Release|Any CPU
	EndGlobalSection
	GlobalSection(ProjectConfigurationPlatforms) = postSolution
		{36963C4D-D2BE-409F-A2BC-8B536FDF0EFC}.Debug|Any CPU.ActiveCfg = Debug|Any CPU
		{36963C4D-D2BE-409F-A2BC-8B536FDF0EFC}.Debug|Any CPU.Build.0 = Debug|Any CPU
		{36963C4D-D2BE-409F-A2BC-8B536FDF0EFC}.Release|Any CPU.ActiveCfg = Release|Any CPU
		{36963C4D-D2BE-409F-A2BC-8B536FDF0EFC}.Release|Any CPU.Build.0 = Release|Any CPU
	EndGlobalSection
	GlobalSection(SolutionProperties) = preSolution
		HideSolutionNode = FALSE
	EndGlobalSection
	GlobalSection(ExtensibilityGlobals) = postSolution
		SolutionGuid = {04EEF1CC-1770-4F04-9954-2A1AA95CA489}
	EndGlobalSection
EndGlobal
